dependencies:
  espressif/esp-dsp:
    component_hash: 3e7bbd487f1357a1d4944d0c85966d049501ea281b8a4c7f93f7cfedd5b7f23d
    dependencies:
    - name: idf
      require: private
      version: '>=4.2'
    source:
      registry_url: https://components.espressif.com/
      type: service
    version: 1.4.12
  idf:
    source:
      type: idf
    version: 5.3.1
direct_dependencies:
- espressif/esp-dsp
- idf
manifest_hash: a6290e0aa5e8eec22dee60f1fd6967bce3dc613e71ccb1f6f327d1451f0baed4
target: esp32s3
version: 2.0.0
